
Microsoft Visual Studio Solution File, Format Version 12.00
# Visual Studio Version 17
VisualStudioVersion = 17.0.32112.339
MinimumVisualStudioVersion = 10.0.40219.1
Project("{8BC9CEB8-8B4A-11D0-8D11-00A0C91BC942}") = "Workshop01", "Workshop01.vcxproj", "{47BDFE3B-E39B-432A-9F39-6674ED49ACA0}"
EndProject
Global
	GlobalSection(SolutionConfigurationPlatforms) = preSolution
		Debug|x64 = Debug|x64
		Debug|x86 = Debug|x86
		Release|x64 = Release|x64
		Release|x86 = Release|x86
	EndGlobalSection
	GlobalSection(ProjectConfigurationPlatforms) = postSolution
		{47BDFE3B-E39B-432A-9F39-6674ED49ACA0}.Debug|x64.ActiveCfg = Debug|x64
		{47BDFE3B-E39B-432A-9F39-6674ED49ACA0}.Debug|x64.Build.0 = Debug|x64
		{47BDFE3B-E39B-432A-9F39-6674ED49ACA0}.Debug|x86.ActiveCfg = Debug|Win32
		{47BDFE3B-E39B-432A-9F39-6674ED49ACA0}.Debug|x86.Build.0 = Debug|Win32
		{47BDFE3B-E39B-432A-9F39-6674ED49ACA0}.Release|x64.ActiveCfg = Release|x64
		{47BDFE3B-E39B-432A-9F39-6674ED49ACA0}.Release|x64.Build.0 = Release|x64
		{47BDFE3B-E39B-432A-9F39-6674ED49ACA0}.Release|x86.ActiveCfg = Release|Win32
		{47BDFE3B-E39B-432A-9F39-6674ED49ACA0}.Release|x86.Build.0 = Release|Win32
	EndGlobalSection
	GlobalSection(SolutionProperties) = preSolution
		HideSolutionNode = FALSE
	EndGlobalSection
	GlobalSection(ExtensibilityGlobals) = postSolution
		SolutionGuid = {1FF9BCCD-203C-4C86-913A-111B155FD115}
	EndGlobalSection
EndGlobal
